
Microsoft Visual Studio Solution File, Format Version 12.00
# Visual Studio Version 17
VisualStudioVersion = 17.11.35201.85
MinimumVisualStudioVersion = 10.0.40219.1
Project("{9A19103F-16F7-4668-BE54-9A1E7A4F7556}") = "PluginTemplate", "PluginTemplate\PluginTemplate.csproj", "{4147C308-9DC2-411D-A3DD-195BA03BEFE2}"
EndProject
Global
	GlobalSection(SolutionConfigurationPlatforms) = preSolution
		Debug|Any CPU = Debug|Any CPU
		Release|Any CPU = Release|Any CPU
	EndGlobalSection
	GlobalSection(ProjectConfigurationPlatforms) = postSolution
		{4147C308-9DC2-411D-A3DD-195BA03BEFE2}.Debug|Any CPU.ActiveCfg = Debug|Any CPU
		{4147C308-9DC2-411D-A3DD-195BA03BEFE2}.Debug|Any CPU.Build.0 = Debug|Any CPU
		{4147C308-9DC2-411D-A3DD-195BA03BEFE2}.Release|Any CPU.ActiveCfg = Release|Any CPU
		{4147C308-9DC2-411D-A3DD-195BA03BEFE2}.Release|Any CPU.Build.0 = Release|Any CPU
	EndGlobalSection
	GlobalSection(SolutionProperties) = preSolution
		HideSolutionNode = FALSE
	EndGlobalSection
	GlobalSection(ExtensibilityGlobals) = postSolution
		SolutionGuid = {42965B0B-BD1C-4FEB-95FA-93D01DC9A227}
	EndGlobalSection
EndGlobal
